
Microsoft Visual Studio Solution File, Format Version 12.00
# Visual Studio 2013
VisualStudioVersion = 12.0.40629.0
MinimumVisualStudioVersion = 10.0.40219.1
Project("{FAE04EC0-301F-11D3-BF4B-00C04F79EFBC}") = "MaskData", "MaskData\MaskData.csproj", "{B70587EA-8775-43DB-AEDF-C5936E6DA1AF}"
EndProject
Project("{FAE04EC0-301F-11D3-BF4B-00C04F79EFBC}") = "MaskDataTests", "MaskDataTests\MaskDataTests.csproj", "{3CA7644C-FE62-49E7-B36D-C0A07E206BD4}"
EndProject
Global
	GlobalSection(SolutionConfigurationPlatforms) = preSolution
		Debug|Any CPU = Debug|Any CPU
		Release|Any CPU = Release|Any CPU
	EndGlobalSection
	GlobalSection(ProjectConfigurationPlatforms) = postSolution
		{B70587EA-8775-43DB-AEDF-C5936E6DA1AF}.Debug|Any CPU.ActiveCfg = Debug|Any CPU
		{B70587EA-8775-43DB-AEDF-C5936E6DA1AF}.Debug|Any CPU.Build.0 = Debug|Any CPU
		{B70587EA-8775-43DB-AEDF-C5936E6DA1AF}.Release|Any CPU.ActiveCfg = Release|Any CPU
		{B70587EA-8775-43DB-AEDF-C5936E6DA1AF}.Release|Any CPU.Build.0 = Release|Any CPU
		{3CA7644C-FE62-49E7-B36D-C0A07E206BD4}.Debug|Any CPU.ActiveCfg = Debug|Any CPU
		{3CA7644C-FE62-49E7-B36D-C0A07E206BD4}.Debug|Any CPU.Build.0 = Debug|Any CPU
		{3CA7644C-FE62-49E7-B36D-C0A07E206BD4}.Release|Any CPU.ActiveCfg = Release|Any CPU
		{3CA7644C-FE62-49E7-B36D-C0A07E206BD4}.Release|Any CPU.Build.0 = Release|Any CPU
	EndGlobalSection
	GlobalSection(SolutionProperties) = preSolution
		HideSolutionNode = FALSE
	EndGlobalSection
EndGlobal
